
Microsoft Visual Studio Solution File, Format Version 12.00
# Visual Studio Version 16
VisualStudioVersion = 16.0.31515.178
MinimumVisualStudioVersion = 10.0.40219.1
Project("{FAE04EC0-301F-11D3-BF4B-00C04F79EFBC}") = "SendGridNewsletterSubscribe", "SendGridNewsletterSubscribe\SendGridNewsletterSubscribe.csproj", "{98FD4488-9841-4BDA-8AA1-EF910D230043}"
EndProject
Global
	GlobalSection(SolutionConfigurationPlatforms) = preSolution
		Debug|Any CPU = Debug|Any CPU
		Release|Any CPU = Release|Any CPU
	EndGlobalSection
	GlobalSection(ProjectConfigurationPlatforms) = postSolution
		{98FD4488-9841-4BDA-8AA1-EF910D230043}.Debug|Any CPU.ActiveCfg = Debug|Any CPU
		{98FD4488-9841-4BDA-8AA1-EF910D230043}.Debug|Any CPU.Build.0 = Debug|Any CPU
		{98FD4488-9841-4BDA-8AA1-EF910D230043}.Release|Any CPU.ActiveCfg = Release|Any CPU
		{98FD4488-9841-4BDA-8AA1-EF910D230043}.Release|Any CPU.Build.0 = Release|Any CPU
	EndGlobalSection
	GlobalSection(SolutionProperties) = preSolution
		HideSolutionNode = FALSE
	EndGlobalSection
	GlobalSection(ExtensibilityGlobals) = postSolution
		SolutionGuid = {50380705-1D83-4376-B0CF-9741D23CA1DC}
	EndGlobalSection
EndGlobal
